
Microsoft Visual Studio Solution File, Format Version 12.00
# Visual Studio Version 17
VisualStudioVersion = 17.0.31903.59
MinimumVisualStudioVersion = 10.0.40219.1
Project("{FAE04EC0-301F-11D3-BF4B-00C04F79EFBC}") = "NpoiWpfApp", "NpoiWpfApp\NpoiWpfApp.csproj", "{B5E66548-C43C-46AA-93CE-E691E43A3D2E}"
EndProject
Global
	GlobalSection(SolutionConfigurationPlatforms) = preSolution
		Debug|Any CPU = Debug|Any CPU
		Release|Any CPU = Release|Any CPU
	EndGlobalSection
	GlobalSection(ProjectConfigurationPlatforms) = postSolution
		{B5E66548-C43C-46AA-93CE-E691E43A3D2E}.Debug|Any CPU.ActiveCfg = Debug|Any CPU
		{B5E66548-C43C-46AA-93CE-E691E43A3D2E}.Debug|Any CPU.Build.0 = Debug|Any CPU
		{B5E66548-C43C-46AA-93CE-E691E43A3D2E}.Release|Any CPU.ActiveCfg = Release|Any CPU
		{B5E66548-C43C-46AA-93CE-E691E43A3D2E}.Release|Any CPU.Build.0 = Release|Any CPU
	EndGlobalSection
	GlobalSection(SolutionProperties) = preSolution
		HideSolutionNode = FALSE
	EndGlobalSection
	GlobalSection(ExtensibilityGlobals) = postSolution
		SolutionGuid = {F4CF2708-4702-488C-ADA3-0A9B63081E88}
	EndGlobalSection
EndGlobal
